
Microsoft Visual Studio Solution File, Format Version 11.00
# Visual C++ Express 2010
Project("{8BC9CEB8-8B4A-11D0-8D11-00A0C91BC942}") = "xthread", "xthread\xthread.vcxproj", "{06F6B9F2-0DC9-4AD8-A3C6-0E7062A5AD68}"
EndProject
Global
	GlobalSection(SolutionConfigurationPlatforms) = preSolution
		Debug|Win32 = Debug|Win32
		Release|Win32 = Release|Win32
	EndGlobalSection
	GlobalSection(ProjectConfigurationPlatforms) = postSolution
		{06F6B9F2-0DC9-4AD8-A3C6-0E7062A5AD68}.Debug|Win32.ActiveCfg = Debug|Win32
		{06F6B9F2-0DC9-4AD8-A3C6-0E7062A5AD68}.Debug|Win32.Build.0 = Debug|Win32
		{06F6B9F2-0DC9-4AD8-A3C6-0E7062A5AD68}.Release|Win32.ActiveCfg = Release|Win32
		{06F6B9F2-0DC9-4AD8-A3C6-0E7062A5AD68}.Release|Win32.Build.0 = Release|Win32
	EndGlobalSection
	GlobalSection(SolutionProperties) = preSolution
		HideSolutionNode = FALSE
	EndGlobalSection
EndGlobal
